
Microsoft Visual Studio Solution File, Format Version 12.00
# Visual Studio Version 17
VisualStudioVersion = 17.9.34728.123
MinimumVisualStudioVersion = 10.0.40219.1
Project("{9A19103F-16F7-4668-BE54-9A1E7A4F7556}") = "CoolHook", "CoolHook.csproj", "{FD9C359B-8451-4865-91BD-37AA608C1B52}"
EndProject
Project("{FAE04EC0-301F-11D3-BF4B-00C04F79EFBC}") = "CoolHook.Tests", "..\CoolHook.Tests\CoolHook.Tests.csproj", "{8C49E298-BD97-48E4-A48A-0159D0FED656}"
EndProject
Global
	GlobalSection(SolutionConfigurationPlatforms) = preSolution
		Debug|Any CPU = Debug|Any CPU
		Debug|x64 = Debug|x64
		Debug|x86 = Debug|x86
		Release|Any CPU = Release|Any CPU
		Release|x64 = Release|x64
		Release|x86 = Release|x86
	EndGlobalSection
	GlobalSection(ProjectConfigurationPlatforms) = postSolution
		{FD9C359B-8451-4865-91BD-37AA608C1B52}.Debug|Any CPU.ActiveCfg = Debug|Any CPU
		{FD9C359B-8451-4865-91BD-37AA608C1B52}.Debug|Any CPU.Build.0 = Debug|Any CPU
		{FD9C359B-8451-4865-91BD-37AA608C1B52}.Debug|x64.ActiveCfg = Debug|x64
		{FD9C359B-8451-4865-91BD-37AA608C1B52}.Debug|x64.Build.0 = Debug|x64
		{FD9C359B-8451-4865-91BD-37AA608C1B52}.Debug|x86.ActiveCfg = Debug|x86
		{FD9C359B-8451-4865-91BD-37AA608C1B52}.Debug|x86.Build.0 = Debug|x86
		{FD9C359B-8451-4865-91BD-37AA608C1B52}.Release|Any CPU.ActiveCfg = Release|Any CPU
		{FD9C359B-8451-4865-91BD-37AA608C1B52}.Release|Any CPU.Build.0 = Release|Any CPU
		{FD9C359B-8451-4865-91BD-37AA608C1B52}.Release|x64.ActiveCfg = Release|x64
		{FD9C359B-8451-4865-91BD-37AA608C1B52}.Release|x64.Build.0 = Release|x64
		{FD9C359B-8451-4865-91BD-37AA608C1B52}.Release|x86.ActiveCfg = Release|x86
		{FD9C359B-8451-4865-91BD-37AA608C1B52}.Release|x86.Build.0 = Release|x86
		{8C49E298-BD97-48E4-A48A-0159D0FED656}.Debug|Any CPU.ActiveCfg = Debug|Any CPU
		{8C49E298-BD97-48E4-A48A-0159D0FED656}.Debug|Any CPU.Build.0 = Debug|Any CPU
		{8C49E298-BD97-48E4-A48A-0159D0FED656}.Debug|x64.ActiveCfg = Debug|Any CPU
		{8C49E298-BD97-48E4-A48A-0159D0FED656}.Debug|x64.Build.0 = Debug|Any CPU
		{8C49E298-BD97-48E4-A48A-0159D0FED656}.Debug|x86.ActiveCfg = Debug|Any CPU
		{8C49E298-BD97-48E4-A48A-0159D0FED656}.Debug|x86.Build.0 = Debug|Any CPU
		{8C49E298-BD97-48E4-A48A-0159D0FED656}.Release|Any CPU.ActiveCfg = Release|Any CPU
		{8C49E298-BD97-48E4-A48A-0159D0FED656}.Release|Any CPU.Build.0 = Release|Any CPU
		{8C49E298-BD97-48E4-A48A-0159D0FED656}.Release|x64.ActiveCfg = Release|Any CPU
		{8C49E298-BD97-48E4-A48A-0159D0FED656}.Release|x64.Build.0 = Release|Any CPU
		{8C49E298-BD97-48E4-A48A-0159D0FED656}.Release|x86.ActiveCfg = Release|Any CPU
		{8C49E298-BD97-48E4-A48A-0159D0FED656}.Release|x86.Build.0 = Release|Any CPU
	EndGlobalSection
	GlobalSection(SolutionProperties) = preSolution
		HideSolutionNode = FALSE
	EndGlobalSection
	GlobalSection(ExtensibilityGlobals) = postSolution
		SolutionGuid = {75B621B2-5AE0-436C-A8CA-4A768415FAD2}
	EndGlobalSection
EndGlobal
